
Microsoft Visual Studio Solution File, Format Version 12.00
# Visual Studio Version 18
VisualStudioVersion = 18.9.12023.133 insiders
MinimumVisualStudioVersion = 10.0.40219.1
Project("{8BC9CEB8-8B4A-11D0-8D11-00A0C91BC942}") = "Lumium", "Lumium\Lumium.vcxproj", "{144F4A4D-FFE7-4400-B844-485126A6AD2E}"
EndProject
Project("{8BC9CEB8-8B4A-11D0-8D11-00A0C91BC942}") = "injector", "Injector\injector.vcxproj", "{6BE0DB81-9494-4F8A-A6DF-5BC8D4971F22}"
EndProject
Global
	GlobalSection(SolutionConfigurationPlatforms) = preSolution
		Debug|x64 = Debug|x64
		Debug|x86 = Debug|x86
		Release|x64 = Release|x64
		Release|x86 = Release|x86
	EndGlobalSection
	GlobalSection(ProjectConfigurationPlatforms) = postSolution
		{144F4A4D-FFE7-4400-B844-485126A6AD2E}.Debug|x64.ActiveCfg = Debug|x64
		{144F4A4D-FFE7-4400-B844-485126A6AD2E}.Debug|x64.Build.0 = Debug|x64
		{144F4A4D-FFE7-4400-B844-485126A6AD2E}.Debug|x86.ActiveCfg = Debug|Win32
		{144F4A4D-FFE7-4400-B844-485126A6AD2E}.Debug|x86.Build.0 = Debug|Win32
		{144F4A4D-FFE7-4400-B844-485126A6AD2E}.Release|x64.ActiveCfg = Release|x64
		{144F4A4D-FFE7-4400-B844-485126A6AD2E}.Release|x64.Build.0 = Release|x64
		{144F4A4D-FFE7-4400-B844-485126A6AD2E}.Release|x86.ActiveCfg = Release|Win32
		{144F4A4D-FFE7-4400-B844-485126A6AD2E}.Release|x86.Build.0 = Release|Win32
		{6BE0DB81-9494-4F8A-A6DF-5BC8D4971F22}.Debug|x64.ActiveCfg = Debug|x64
		{6BE0DB81-9494-4F8A-A6DF-5BC8D4971F22}.Debug|x64.Build.0 = Debug|x64
		{6BE0DB81-9494-4F8A-A6DF-5BC8D4971F22}.Debug|x86.ActiveCfg = Debug|x64
		{6BE0DB81-9494-4F8A-A6DF-5BC8D4971F22}.Debug|x86.Build.0 = Debug|x64
		{6BE0DB81-9494-4F8A-A6DF-5BC8D4971F22}.Release|x64.ActiveCfg = Release|x64
		{6BE0DB81-9494-4F8A-A6DF-5BC8D4971F22}.Release|x64.Build.0 = Release|x64
		{6BE0DB81-9494-4F8A-A6DF-5BC8D4971F22}.Release|x86.ActiveCfg = Release|x64
		{6BE0DB81-9494-4F8A-A6DF-5BC8D4971F22}.Release|x86.Build.0 = Release|x64
	EndGlobalSection
	GlobalSection(SolutionProperties) = preSolution
		HideSolutionNode = FALSE
	EndGlobalSection
	GlobalSection(ExtensibilityGlobals) = postSolution
		SolutionGuid = {A86F9DD7-E6CB-40BF-8580-D5FE769466C4}
	EndGlobalSection
EndGlobal
